
Microsoft Visual Studio Solution File, Format Version 12.00
# Visual Studio 15
VisualStudioVersion = 15.0.26430.12
MinimumVisualStudioVersion = 10.0.40219.1
Project("{8BC9CEB8-8B4A-11D0-8D11-00A0C91BC942}") = "projeto-final", "KinectV2\KinectV2.vcxproj", "{FCA92988-3107-45FA-9799-B143ED50FAD7}"
EndProject
Global
	GlobalSection(SolutionConfigurationPlatforms) = preSolution
		Debug|x64 = Debug|x64
		Debug|x86 = Debug|x86
		Release|x64 = Release|x64
		Release|x86 = Release|x86
	EndGlobalSection
	GlobalSection(ProjectConfigurationPlatforms) = postSolution
		{FCA92988-3107-45FA-9799-B143ED50FAD7}.Debug|x64.ActiveCfg = Debug|x64
		{FCA92988-3107-45FA-9799-B143ED50FAD7}.Debug|x64.Build.0 = Debug|x64
		{FCA92988-3107-45FA-9799-B143ED50FAD7}.Debug|x86.ActiveCfg = Debug|Win32
		{FCA92988-3107-45FA-9799-B143ED50FAD7}.Debug|x86.Build.0 = Debug|Win32
		{FCA92988-3107-45FA-9799-B143ED50FAD7}.Release|x64.ActiveCfg = Release|x64
		{FCA92988-3107-45FA-9799-B143ED50FAD7}.Release|x64.Build.0 = Release|x64
		{FCA92988-3107-45FA-9799-B143ED50FAD7}.Release|x86.ActiveCfg = Release|Win32
		{FCA92988-3107-45FA-9799-B143ED50FAD7}.Release|x86.Build.0 = Release|Win32
	EndGlobalSection
	GlobalSection(SolutionProperties) = preSolution
		HideSolutionNode = FALSE
	EndGlobalSection
	GlobalSection(ExtensibilityGlobals) = postSolution
		SolutionGuid = {F41D95A1-DFF9-46D3-B40F-A8D682A729F6}
	EndGlobalSection
EndGlobal
